// !$*UTF8*$!
{
	archiveVersion = 1;
	classes = {
	};
	objectVersion = 50;
	objects = {

/* Begin PBXBuildFile section */
		50174F2622C05689008EBA30 /* AppDelegate.m in Sources */ = {isa = PBXBuildFile; fileRef = 50174F2522C05689008EBA30 /* AppDelegate.m */; };
		50174F2922C05689008EBA30 /* ViewController.m in Sources */ = {isa = PBXBuildFile; fileRef = 50174F2822C05689008EBA30 /* ViewController.m */; };
		50174F2C22C05689008EBA30 /* Main.storyboard in Resources */ = {isa = PBXBuildFile; fileRef = 50174F2A22C05689008EBA30 /* Main.storyboard */; };
		50174F2E22C0568A008EBA30 /* Assets.xcassets in Resources */ = {isa = PBXBuildFile; fileRef = 50174F2D22C0568A008EBA30 /* Assets.xcassets */; };
		50174F3122C0568A008EBA30 /* LaunchScreen.storyboard in Resources */ = {isa = PBXBuildFile; fileRef = 50174F2F22C0568A008EBA30 /* LaunchScreen.storyboard */; };
		50174F3422C0568A008EBA30 /* main.m in Sources */ = {isa = PBXBuildFile; fileRef = 50174F3322C0568A008EBA30 /* main.m */; };
		50174F3F22C05960008EBA30 /* UILabel+AlignmentChar.m in Sources */ = {isa = PBXBuildFile; fileRef = 50174F3E22C05960008EBA30 /* UILabel+AlignmentChar.m */; };
		50F17DEC22C19E8500A2D60C /* DropdownListView.m in Sources */ = {isa = PBXBuildFile; fileRef = 50F17DEB22C19E8500A2D60C /* DropdownListView.m */; };
		50F17DEF22C1B23300A2D60C /* dropdownFlag@3x.png in Resources */ = {isa = PBXBuildFile; fileRef = 50F17DED22C1B23200A2D60C /* dropdownFlag@3x.png */; };
		50F17DF022C1B23300A2D60C /* dropdownFlag@2x.png in Resources */ = {isa = PBXBuildFile; fileRef = 50F17DEE22C1B23200A2D60C /* dropdownFlag@2x.png */; };
		50F17DF322C1C59900A2D60C /* ShowTableViewCell.m in Sources */ = {isa = PBXBuildFile; fileRef = 50F17DF222C1C59900A2D60C /* ShowTableViewCell.m */; };
/* End PBXBuildFile section */

/* Begin PBXFileReference section */
		50174F2122C05689008EBA30 /* Demo.app */ = {isa = PBXFileReference; explicitFileType = wrapper.application; includeInIndex = 0; path = Demo.app; sourceTree = BUILT_PRODUCTS_DIR; };
		50174F2422C05689008EBA30 /* AppDelegate.h */ = {isa = PBXFileReference; lastKnownFileType = sourcecode.c.h; path = AppDelegate.h; sourceTree = "<group>"; };
		50174F2522C05689008EBA30 /* AppDelegate.m */ = {isa = PBXFileReference; lastKnownFileType = sourcecode.c.objc; path = AppDelegate.m; sourceTree = "<group>"; };
		50174F2722C05689008EBA30 /* ViewController.h */ = {isa = PBXFileReference; lastKnownFileType = sourcecode.c.h; path = ViewController.h; sourceTree = "<group>"; };
		50174F2822C05689008EBA30 /* ViewController.m */ = {isa = PBXFileReference; lastKnownFileType = sourcecode.c.objc; path = ViewController.m; sourceTree = "<group>"; };
		50174F2B22C05689008EBA30 /* Base */ = {isa = PBXFileReference; lastKnownFileType = file.storyboard; name = Base; path = Base.lproj/Main.storyboard; sourceTree = "<group>"; };
		50174F2D22C0568A008EBA30 /* Assets.xcassets */ = {isa = PBXFileReference; lastKnownFileType = folder.assetcatalog; path = Assets.xcassets; sourceTree = "<group>"; };
		50174F3022C0568A008EBA30 /* Base */ = {isa = PBXFileReference; lastKnownFileType = file.storyboard; name = Base; path = Base.lproj/LaunchScreen.storyboard; sourceTree = "<group>"; };
		50174F3222C0568A008EBA30 /* Info.plist */ = {isa = PBXFileReference; lastKnownFileType = text.plist.xml; path = Info.plist; sourceTree = "<group>"; };
		50174F3322C0568A008EBA30 /* main.m */ = {isa = PBXFileReference; lastKnownFileType = sourcecode.c.objc; path = main.m; sourceTree = "<group>"; };
		50174F3D22C05960008EBA30 /* UILabel+AlignmentChar.h */ = {isa = PBXFileReference; lastKnownFileType = sourcecode.c.h; path = "UILabel+AlignmentChar.h"; sourceTree = "<group>"; };
		50174F3E22C05960008EBA30 /* UILabel+AlignmentChar.m */ = {isa = PBXFileReference; lastKnownFileType = sourcecode.c.objc; path = "UILabel+AlignmentChar.m"; sourceTree = "<group>"; };
		50F17DEA22C19E8400A2D60C /* DropdownListView.h */ = {isa = PBXFileReference; lastKnownFileType = sourcecode.c.h; path = DropdownListView.h; sourceTree = "<group>"; };
		50F17DEB22C19E8500A2D60C /* DropdownListView.m */ = {isa = PBXFileReference; lastKnownFileType = sourcecode.c.objc; path = DropdownListView.m; sourceTree = "<group>"; };
		50F17DED22C1B23200A2D60C /* dropdownFlag@3x.png */ = {isa = PBXFileReference; lastKnownFileType = image.png; path = "dropdownFlag@3x.png"; sourceTree = "<group>"; };
		50F17DEE22C1B23200A2D60C /* dropdownFlag@2x.png */ = {isa = PBXFileReference; lastKnownFileType = image.png; path = "dropdownFlag@2x.png"; sourceTree = "<group>"; };
		50F17DF122C1C59900A2D60C /* ShowTableViewCell.h */ = {isa = PBXFileReference; lastKnownFileType = sourcecode.c.h; path = ShowTableViewCell.h; sourceTree = "<group>"; };
		50F17DF222C1C59900A2D60C /* ShowTableViewCell.m */ = {isa = PBXFileReference; lastKnownFileType = sourcecode.c.objc; path = ShowTableViewCell.m; sourceTree = "<group>"; };
/* End PBXFileReference section */

/* Begin PBXFrameworksBuildPhase section */
		50174F1E22C05689008EBA30 /* Frameworks */ = {
			isa = PBXFrameworksBuildPhase;
			buildActionMask = 2147483647;
			files = (
			);
			runOnlyForDeploymentPostprocessing = 0;
		};
/* End PBXFrameworksBuildPhase section */

/* Begin PBXGroup section */
		50174F1822C05689008EBA30 = {
			isa = PBXGroup;
			children = (
				50174F2322C05689008EBA30 /* Demo */,
				50174F2222C05689008EBA30 /* Products */,
			);
			sourceTree = "<group>";
		};
		50174F2222C05689008EBA30 /* Products */ = {
			isa = PBXGroup;
			children = (
				50174F2122C05689008EBA30 /* Demo.app */,
			);
			name = Products;
			sourceTree = "<group>";
		};
		50174F2322C05689008EBA30 /* Demo */ = {
			isa = PBXGroup;
			children = (
				50174F2422C05689008EBA30 /* AppDelegate.h */,
				50174F2522C05689008EBA30 /* AppDelegate.m */,
				50F17DF622C1E22C00A2D60C /* C+V */,
				50F17DF522C1E21600A2D60C /* TextAlign */,
				50F17DF422C1E1FE00A2D60C /* DropView */,
				50174F2A22C05689008EBA30 /* Main.storyboard */,
				50174F2D22C0568A008EBA30 /* Assets.xcassets */,
				50174F2F22C0568A008EBA30 /* LaunchScreen.storyboard */,
				50174F3222C0568A008EBA30 /* Info.plist */,
				50174F3322C0568A008EBA30 /* main.m */,
			);
			path = Demo;
			sourceTree = "<group>";
		};
		50F17DF422C1E1FE00A2D60C /* DropView */ = {
			isa = PBXGroup;
			children = (
				50F17DEA22C19E8400A2D60C /* DropdownListView.h */,
				50F17DEB22C19E8500A2D60C /* DropdownListView.m */,
				50F17DEE22C1B23200A2D60C /* dropdownFlag@2x.png */,
				50F17DED22C1B23200A2D60C /* dropdownFlag@3x.png */,
			);
			path = DropView;
			sourceTree = "<group>";
		};
		50F17DF522C1E21600A2D60C /* TextAlign */ = {
			isa = PBXGroup;
			children = (
				50174F3D22C05960008EBA30 /* UILabel+AlignmentChar.h */,
				50174F3E22C05960008EBA30 /* UILabel+AlignmentChar.m */,
			);
			path = TextAlign;
			sourceTree = "<group>";
		};
		50F17DF622C1E22C00A2D60C /* C+V */ = {
			isa = PBXGroup;
			children = (
				50174F2722C05689008EBA30 /* ViewController.h */,
				50174F2822C05689008EBA30 /* ViewController.m */,
				50F17DF122C1C59900A2D60C /* ShowTableViewCell.h */,
				50F17DF222C1C59900A2D60C /* ShowTableViewCell.m */,
			);
			path = "C+V";
			sourceTree = "<group>";
		};
/* End PBXGroup section */

/* Begin PBXNativeTarget section */
		50174F2022C05689008EBA30 /* Demo */ = {
			isa = PBXNativeTarget;
			buildConfigurationList = 50174F3722C0568A008EBA30 /* Build configuration list for PBXNativeTarget "Demo" */;
			buildPhases = (
				50174F1D22C05689008EBA30 /* Sources */,
				50174F1E22C05689008EBA30 /* Frameworks */,
				50174F1F22C05689008EBA30 /* Resources */,
			);
			buildRules = (
			);
			dependencies = (
			);
			name = Demo;
			productName = Demo;
			productReference = 50174F2122C05689008EBA30 /* Demo.app */;
			productType = "com.apple.product-type.application";
		};
/* End PBXNativeTarget section */

/* Begin PBXProject section */
		50174F1922C05689008EBA30 /* Project object */ = {
			isa = PBXProject;
			attributes = {
				LastUpgradeCheck = 1020;
				ORGANIZATIONNAME = shutong;
				TargetAttributes = {
					50174F2022C05689008EBA30 = {
						CreatedOnToolsVersion = 10.2.1;
					};
				};
			};
			buildConfigurationList = 50174F1C22C05689008EBA30 /* Build configuration list for PBXProject "Demo" */;
			compatibilityVersion = "Xcode 9.3";
			developmentRegion = en;
			hasScannedForEncodings = 0;
			knownRegions = (
				en,
				Base,
			);
			mainGroup = 50174F1822C05689008EBA30;
			productRefGroup = 50174F2222C05689008EBA30 /* Products */;
			projectDirPath = "";
			projectRoot = "";
			targets = (
				50174F2022C05689008EBA30 /* Demo */,
			);
		};
/* End PBXProject section */

/* Begin PBXResourcesBuildPhase section */
		50174F1F22C05689008EBA30 /* Resources */ = {
			isa = PBXResourcesBuildPhase;
			buildActionMask = 2147483647;
			files = (
				50F17DEF22C1B23300A2D60C /* dropdownFlag@3x.png in Resources */,
				50174F3122C0568A008EBA30 /* LaunchScreen.storyboard in Resources */,
				50174F2E22C0568A008EBA30 /* Assets.xcassets in Resources */,
				50174F2C22C05689008EBA30 /* Main.storyboard in Resources */,
				50F17DF022C1B23300A2D60C /* dropdownFlag@2x.png in Resources */,
			);
			runOnlyForDeploymentPostprocessing = 0;
		};
/* End PBXResourcesBuildPhase section */

/* Begin PBXSourcesBuildPhase section */
		50174F1D22C05689008EBA30 /* Sources */ = {
			isa = PBXSourcesBuildPhase;
			buildActionMask = 2147483647;
			files = (
				50174F2922C05689008EBA30 /* ViewController.m in Sources */,
				50174F3422C0568A008EBA30 /* main.m in Sources */,
				50F17DEC22C19E8500A2D60C /* DropdownListView.m in Sources */,
				50174F2622C05689008EBA30 /* AppDelegate.m in Sources */,
				50F17DF322C1C59900A2D60C /* ShowTableViewCell.m in Sources */,
				50174F3F22C05960008EBA30 /* UILabel+AlignmentChar.m in Sources */,
			);
			runOnlyForDeploymentPostprocessing = 0;
		};
/* End PBXSourcesBuildPhase section */

/* Begin PBXVariantGroup section */
		50174F2A22C05689008EBA30 /* Main.storyboard */ = {
			isa = PBXVariantGroup;
			children = (
				50174F2B22C05689008EBA30 /* Base */,
			);
			name = Main.storyboard;
			sourceTree = "<group>";
		};
		50174F2F22C0568A008EBA30 /* LaunchScreen.storyboard */ = {
			isa = PBXVariantGroup;
			children = (
				50174F3022C0568A008EBA30 /* Base */,
			);
			name = LaunchScreen.storyboard;
			sourceTree = "<group>";
		};
/* End PBXVariantGroup section */

/* Begin XCBuildConfiguration section */
		50174F3522C0568A008EBA30 /* Debug */ = {
			isa = XCBuildConfiguration;
			buildSettings = {
				ALWAYS_SEARCH_USER_PATHS = NO;
				CLANG_ANALYZER_NONNULL = YES;
				CLANG_ANALYZER_NUMBER_OBJECT_CONVERSION = YES_AGGRESSIVE;
				CLANG_CXX_LANGUAGE_STANDARD = "gnu++14";
				CLANG_CXX_LIBRARY = "libc++";
				CLANG_ENABLE_MODULES = YES;
				CLANG_ENABLE_OBJC_ARC = YES;
				CLANG_ENABLE_OBJC_WEAK = YES;
				CLANG_WARN_BLOCK_CAPTURE_AUTORELEASING = YES;
				CLANG_WARN_BOOL_CONVERSION = YES;
				CLANG_WARN_COMMA = YES;
				CLANG_WARN_CONSTANT_CONVERSION = YES;
				CLANG_WARN_DEPRECATED_OBJC_IMPLEMENTATIONS = YES;
				CLANG_WARN_DIRECT_OBJC_ISA_USAGE = YES_ERROR;
				CLANG_WARN_DOCUMENTATION_COMMENTS = YES;
				CLANG_WARN_EMPTY_BODY = YES;
				CLANG_WARN_ENUM_CONVERSION = YES;
				CLANG_WARN_INFINITE_RECURSION = YES;
				CLANG_WARN_INT_CONVERSION = YES;
				CLANG_WARN_NON_LITERAL_NULL_CONVERSION = YES;
				CLANG_WARN_OBJC_IMPLICIT_RETAIN_SELF = YES;
				CLANG_WARN_OBJC_LITERAL_CONVERSION = YES;
				CLANG_WARN_OBJC_ROOT_CLASS = YES_ERROR;
				CLANG_WARN_RANGE_LOOP_ANALYSIS = YES;
				CLANG_WARN_STRICT_PROTOTYPES = YES;
				CLANG_WARN_SUSPICIOUS_MOVE = YES;
				CLANG_WARN_UNGUARDED_AVAILABILITY = YES_AGGRESSIVE;
				CLANG_WARN_UNREACHABLE_CODE = YES;
				CLANG_WARN__DUPLICATE_METHOD_MATCH = YES;
				CODE_SIGN_IDENTITY = "iPhone Developer";
				COPY_PHASE_STRIP = NO;
				DEBUG_INFORMATION_FORMAT = dwarf;
				ENABLE_STRICT_OBJC_MSGSEND = YES;
				ENABLE_TESTABILITY = YES;
				GCC_C_LANGUAGE_STANDARD = gnu11;
				GCC_DYNAMIC_NO_PIC = NO;
				GCC_NO_COMMON_BLOCKS = YES;
				GCC_OPTIMIZATION_LEVEL = 0;
				GCC_PREPROCESSOR_DEFINITIONS = (
					"DEBUG=1",
					"$(inherited)",
				);
				GCC_WARN_64_TO_32_BIT_CONVERSION = YES;
				GCC_WARN_ABOUT_RETURN_TYPE = YES_ERROR;
				GCC_WARN_UNDECLARED_SELECTOR = YES;
				GCC_WARN_UNINITIALIZED_AUTOS = YES_AGGRESSIVE;
				GCC_WARN_UNUSED_FUNCTION = YES;
				GCC_WARN_UNUSED_VARIABLE = YES;
				IPHONEOS_DEPLOYMENT_TARGET = 12.2;
				MTL_ENABLE_DEBUG_INFO = INCLUDE_SOURCE;
				MTL_FAST_MATH = YES;
				ONLY_ACTIVE_ARCH = YES;
				SDKROOT = iphoneos;
			};
			name = Debug;
		};
		50174F3622C0568A008EBA30 /* Release */ = {
			isa = XCBuildConfiguration;
			buildSettings = {
				ALWAYS_SEARCH_USER_PATHS = NO;
				CLANG_ANALYZER_NONNULL = YES;
				CLANG_ANALYZER_NUMBER_OBJECT_CONVERSION = YES_AGGRESSIVE;
				CLANG_CXX_LANGUAGE_STANDARD = "gnu++14";
				CLANG_CXX_LIBRARY = "libc++";
				CLANG_ENABLE_MODULES = YES;
				CLANG_ENABLE_OBJC_ARC = YES;
				CLANG_ENABLE_OBJC_WEAK = YES;
				CLANG_WARN_BLOCK_CAPTURE_AUTORELEASING = YES;
				CLANG_WARN_BOOL_CONVERSION = YES;
				CLANG_WARN_COMMA = YES;
				CLANG_WARN_CONSTANT_CONVERSION = YES;
				CLANG_WARN_DEPRECATED_OBJC_IMPLEMENTATIONS = YES;
				CLANG_WARN_DIRECT_OBJC_ISA_USAGE = YES_ERROR;
				CLANG_WARN_DOCUMENTATION_COMMENTS = YES;
				CLANG_WARN_EMPTY_BODY = YES;
				CLANG_WARN_ENUM_CONVERSION = YES;
				CLANG_WARN_INFINITE_RECURSION = YES;
				CLANG_WARN_INT_CONVERSION = YES;
				CLANG_WARN_NON_LITERAL_NULL_CONVERSION = YES;
				CLANG_WARN_OBJC_IMPLICIT_RETAIN_SELF = YES;
				CLANG_WARN_OBJC_LITERAL_CONVERSION = YES;
				CLANG_WARN_OBJC_ROOT_CLASS = YES_ERROR;
				CLANG_WARN_RANGE_LOOP_ANALYSIS = YES;
				CLANG_WARN_STRICT_PROTOTYPES = YES;
				CLANG_WARN_SUSPICIOUS_MOVE = YES;
				CLANG_WARN_UNGUARDED_AVAILABILITY = YES_AGGRESSIVE;
				CLANG_WARN_UNREACHABLE_CODE = YES;
				CLANG_WARN__DUPLICATE_METHOD_MATCH = YES;
				CODE_SIGN_IDENTITY = "iPhone Developer";
				COPY_PHASE_STRIP = NO;
				DEBUG_INFORMATION_FORMAT = "dwarf-with-dsym";
				ENABLE_NS_ASSERTIONS = NO;
				ENABLE_STRICT_OBJC_MSGSEND = YES;
				GCC_C_LANGUAGE_STANDARD = gnu11;
				GCC_NO_COMMON_BLOCKS = YES;
				GCC_WARN_64_TO_32_BIT_CONVERSION = YES;
				GCC_WARN_ABOUT_RETURN_TYPE = YES_ERROR;
				GCC_WARN_UNDECLARED_SELECTOR = YES;
				GCC_WARN_UNINITIALIZED_AUTOS = YES_AGGRESSIVE;
				GCC_WARN_UNUSED_FUNCTION = YES;
				GCC_WARN_UNUSED_VARIABLE = YES;
				IPHONEOS_DEPLOYMENT_TARGET = 12.2;
				MTL_ENABLE_DEBUG_INFO = NO;
				MTL_FAST_MATH = YES;
				SDKROOT = iphoneos;
				VALIDATE_PRODUCT = YES;
			};
			name = Release;
		};
		50174F3822C0568A008EBA30 /* Debug */ = {
			isa = XCBuildConfiguration;
			buildSettings = {
				ASSETCATALOG_COMPILER_APPICON_NAME = AppIcon;
				CODE_SIGN_STYLE = Automatic;
				INFOPLIST_FILE = Demo/Info.plist;
				LD_RUNPATH_SEARCH_PATHS = (
					"$(inherited)",
					"@executable_path/Frameworks",
				);
				PRODUCT_BUNDLE_IDENTIFIER = shutong.Demo;
				PRODUCT_NAME = "$(TARGET_NAME)";
				TARGETED_DEVICE_FAMILY = "1,2";
			};
			name = Debug;
		};
		50174F3922C0568A008EBA30 /* Release */ = {
			isa = XCBuildConfiguration;
			buildSettings = {
				ASSETCATALOG_COMPILER_APPICON_NAME = AppIcon;
				CODE_SIGN_STYLE = Automatic;
				INFOPLIST_FILE = Demo/Info.plist;
				LD_RUNPATH_SEARCH_PATHS = (
					"$(inherited)",
					"@executable_path/Frameworks",
				);
				PRODUCT_BUNDLE_IDENTIFIER = shutong.Demo;
				PRODUCT_NAME = "$(TARGET_NAME)";
				TARGETED_DEVICE_FAMILY = "1,2";
			};
			name = Release;
		};
/* End XCBuildConfiguration section */

/* Begin XCConfigurationList section */
		50174F1C22C05689008EBA30 /* Build configuration list for PBXProject "Demo" */ = {
			isa = XCConfigurationList;
			buildConfigurations = (
				50174F3522C0568A008EBA30 /* Debug */,
				50174F3622C0568A008EBA30 /* Release */,
			);
			defaultConfigurationIsVisible = 0;
			defaultConfigurationName = Release;
		};
		50174F3722C0568A008EBA30 /* Build configuration list for PBXNativeTarget "Demo" */ = {
			isa = XCConfigurationList;
			buildConfigurations = (
				50174F3822C0568A008EBA30 /* Debug */,
				50174F3922C0568A008EBA30 /* Release */,
			);
			defaultConfigurationIsVisible = 0;
			defaultConfigurationName = Release;
		};
/* End XCConfigurationList section */
	};
	rootObject = 50174F1922C05689008EBA30 /* Project object */;
}
